
Microsoft Visual Studio Solution File, Format Version 12.00
# Visual Studio Version 16
VisualStudioVersion = 16.0.29709.97
MinimumVisualStudioVersion = 10.0.40219.1
Project("{FAE04EC0-301F-11D3-BF4B-00C04F79EFBC}") = "BeerMe", "BeerMe\BeerMe.csproj", "{C11F5E11-B535-42A3-A12A-01DB2F737A08}"
EndProject
Project("{FAE04EC0-301F-11D3-BF4B-00C04F79EFBC}") = "BeerMe.Tests", "BeerMe.Tests\BeerMe.Tests.csproj", "{D41B3435-4C47-4686-89B6-31188DB12D82}"
EndProject
Global
	GlobalSection(SolutionConfigurationPlatforms) = preSolution
		Debug|Any CPU = Debug|Any CPU
		Release|Any CPU = Release|Any CPU
	EndGlobalSection
	GlobalSection(ProjectConfigurationPlatforms) = postSolution
		{C11F5E11-B535-42A3-A12A-01DB2F737A08}.Debug|Any CPU.ActiveCfg = Debug|Any CPU
		{C11F5E11-B535-42A3-A12A-01DB2F737A08}.Debug|Any CPU.Build.0 = Debug|Any CPU
		{C11F5E11-B535-42A3-A12A-01DB2F737A08}.Release|Any CPU.ActiveCfg = Release|Any CPU
		{C11F5E11-B535-42A3-A12A-01DB2F737A08}.Release|Any CPU.Build.0 = Release|Any CPU
		{D41B3435-4C47-4686-89B6-31188DB12D82}.Debug|Any CPU.ActiveCfg = Debug|Any CPU
		{D41B3435-4C47-4686-89B6-31188DB12D82}.Debug|Any CPU.Build.0 = Debug|Any CPU
		{D41B3435-4C47-4686-89B6-31188DB12D82}.Release|Any CPU.ActiveCfg = Release|Any CPU
		{D41B3435-4C47-4686-89B6-31188DB12D82}.Release|Any CPU.Build.0 = Release|Any CPU
	EndGlobalSection
	GlobalSection(SolutionProperties) = preSolution
		HideSolutionNode = FALSE
	EndGlobalSection
	GlobalSection(ExtensibilityGlobals) = postSolution
		SolutionGuid = {382B470E-060F-47E0-B039-D513A2209163}
	EndGlobalSection
EndGlobal
